<?xml version="1.0" encoding="utf-8"?>
<Project ToolsVersion="4.0" xmlns="http://schemas.microsoft.com/developer/msbuild/2003">
  <ItemGroup>
    <Filter Include="Header Files">
      <UniqueIdentifier>{93995380-89BD-4b04-88EB-625FBE52EBFB}</UniqueIdentifier>
      <Extensions>h</Extensions>
      <ParseFiles>true</ParseFiles>
    </Filter>
    <Filter Include="Generated Files">
      <UniqueIdentifier>{71ED8ED8-ACB9-4CE9-BBE1-E00B30144E11}</UniqueIdentifier>
      <Extensions>moc;h;cpp</Extensions>
      <ParseFiles>true</ParseFiles>
    </Filter>
    <Filter Include="Generated Files\Debug">
      <UniqueIdentifier>{703affd4-d605-443b-a888-45972ac82d6c}</UniqueIdentifier>
      <Extensions>cpp;moc</Extensions>
      <SourceControlFiles>False</SourceControlFiles>
    </Filter>
    <Filter Include="Generated Files\Release">
      <UniqueIdentifier>{44f25118-d8d8-44af-a130-c803612b87e3}</UniqueIdentifier>
      <Extensions>cpp;moc</Extensions>
      <SourceControlFiles>False</SourceControlFiles>
    </Filter>
    <Filter Include="Form Files">
      <UniqueIdentifier>{99349809-55BA-4b9d-BF79-8FDBB0286EB3}</UniqueIdentifier>
      <Extensions>ui</Extensions>
      <ParseFiles>true</ParseFiles>
    </Filter>
    <Filter Include="Source files">
      <UniqueIdentifier>{15171de7-caf2-4345-b05c-be3b6c091972}</UniqueIdentifier>
    </Filter>
    <Filter Include="Resource Files">
      <UniqueIdentifier>{D9D6E242-F8AF-46E4-B9FD-80ECBC20BA3E}</UniqueIdentifier>
      <Extensions>qrc;*</Extensions>
      <ParseFiles>false</ParseFiles>
    </Filter>
  </ItemGroup>
  <ItemGroup>
    <CustomBuild Include="..\..\..\..\include\clientprogram.h">
      <Filter>Header Files</Filter>
    </CustomBuild>
    <CustomBuild Include="..\..\..\..\include\gui\about.h">
      <Filter>Header Files</Filter>
    </CustomBuild>
    <CustomBuild Include="..\..\..\..\include\gui\correct_clearance.h">
      <Filter>Header Files</Filter>
    </CustomBuild>
    <CustomBuild Include="..\..\..\..\include\gui\login.h">
      <Filter>Header Files</Filter>
    </CustomBuild>
    <CustomBuild Include="..\..\..\..\include\gui\mainwidget.h">
      <Filter>Header Files</Filter>
    </CustomBuild>
    <CustomBuild Include="..\..\..\..\include\gui\synthesis_tunnel.h">
      <Filter>Header Files</Filter>
    </CustomBuild>
    <CustomBuild Include="..\..\..\..\include\gui\tabwidgetmanager.h">
      <Filter>Header Files</Filter>
    </CustomBuild>
    <CustomBuild Include="..\..\..\..\include\gui\widgetheader.h">
      <Filter>Header Files</Filter>
    </CustomBuild>
    <CustomBuild Include="..\..\..\..\include\gui\widgetone.h">
      <Filter>Header Files</Filter>
    </CustomBuild>
    <CustomBuild Include="..\..\..\..\include\gui\windowmanager.h">
      <Filter>Header Files</Filter>
    </CustomBuild>
    <CustomBuild Include="..\..\..\..\include\setting_client.h">
      <Filter>Header Files</Filter>
    </CustomBuild>
    <CustomBuild Include="..\..\..\..\..\datastructure\include\output_heights_list.h">
      <Filter>Header Files</Filter>
    </CustomBuild>
    <CustomBuild Include="..\..\..\..\src\gui\widgetone.ui">
      <Filter>Form Files</Filter>
    </CustomBuild>
    <CustomBuild Include="..\..\..\..\src\gui\about.ui">
      <Filter>Form Files</Filter>
    </CustomBuild>
    <CustomBuild Include="..\..\..\..\src\gui\correct_clearance.ui">
      <Filter>Form Files</Filter>
    </CustomBuild>
    <CustomBuild Include="..\..\..\..\src\gui\login.ui">
      <Filter>Form Files</Filter>
    </CustomBuild>
    <CustomBuild Include="..\..\..\..\src\gui\mainwidget.ui">
      <Filter>Form Files</Filter>
    </CustomBuild>
    <CustomBuild Include="..\..\..\..\src\gui\select_tunnel.ui">
      <Filter>Form Files</Filter>
    </CustomBuild>
    <CustomBuild Include="..\..\..\..\src\gui\synthesis_tunnel.ui">
      <Filter>Form Files</Filter>
    </CustomBuild>
    <CustomBuild Include="..\..\..\..\src\gui\tabwidgetmanager.ui">
      <Filter>Form Files</Filter>
    </CustomBuild>
    <CustomBuild Include="..\..\..\..\src\gui\widgetheader.ui">
      <Filter>Form Files</Filter>
    </CustomBuild>
    <CustomBuild Include="..\..\..\..\..\lz_db\include\gui\backup_db.h">
      <Filter>Header Files</Filter>
    </CustomBuild>
    <CustomBuild Include="..\..\..\..\..\lz_db\include\gui\input_bridge_clearance.h">
      <Filter>Header Files</Filter>
    </CustomBuild>
    <CustomBuild Include="..\..\..\..\..\lz_db\include\gui\manage_line.h">
      <Filter>Header Files</Filter>
    </CustomBuild>
    <CustomBuild Include="..\..\..\..\..\lz_db\include\gui\manage_tunnel.h">
      <Filter>Header Files</Filter>
    </CustomBuild>
    <CustomBuild Include="..\..\..\..\..\lz_db\include\gui\output_clearance.h">
      <Filter>Header Files</Filter>
    </CustomBuild>
    <CustomBuild Include="..\..\..\..\..\lz_db\include\gui\select_historical_tunnel.h">
      <Filter>Header Files</Filter>
    </CustomBuild>
    <CustomBuild Include="..\..\..\..\..\lz_db\include\daoadmin.h">
      <Filter>Header Files</Filter>
    </CustomBuild>
    <CustomBuild Include="..\..\..\..\..\lz_db\include\daoclearanceoutput.h">
      <Filter>Header Files</Filter>
    </CustomBuild>
    <CustomBuild Include="..\..\..\..\..\lz_db\include\daocurve.h">
      <Filter>Header Files</Filter>
    </CustomBuild>
    <CustomBuild Include="..\..\..\..\..\lz_db\include\daoline.h">
      <Filter>Header Files</Filter>
    </CustomBuild>
    <CustomBuild Include="..\..\..\..\..\lz_db\include\daooutputitem.h">
      <Filter>Header Files</Filter>
    </CustomBuild>
    <CustomBuild Include="..\..\..\..\..\lz_db\include\daostation.h">
      <Filter>Header Files</Filter>
    </CustomBuild>
    <CustomBuild Include="..\..\..\..\..\lz_db\include\daotask.h">
      <Filter>Header Files</Filter>
    </CustomBuild>
    <CustomBuild Include="..\..\..\..\..\lz_db\include\daotasktunnel.h">
      <Filter>Header Files</Filter>
    </CustomBuild>
    <CustomBuild Include="..\..\..\..\..\lz_db\include\daotunnel.h">
      <Filter>Header Files</Filter>
    </CustomBuild>
    <CustomBuild Include="..\..\..\..\..\lz_db\include\dumpdb.h">
      <Filter>Header Files</Filter>
    </CustomBuild>
    <CustomBuild Include="..\..\..\..\..\lz_db\include\settingdb.h">
      <Filter>Header Files</Filter>
    </CustomBuild>
    <CustomBuild Include="..\..\..\..\..\lz_db\src\gui\select_historical_tunnel.ui">
      <Filter>Form Files</Filter>
    </CustomBuild>
    <CustomBuild Include="..\..\..\..\..\lz_db\src\gui\backup_db.ui">
      <Filter>Form Files</Filter>
    </CustomBuild>
    <CustomBuild Include="..\..\..\..\..\lz_db\src\gui\input_bridge_clearance.ui">
      <Filter>Form Files</Filter>
    </CustomBuild>
    <CustomBuild Include="..\..\..\..\..\lz_db\src\gui\manage_line.ui">
      <Filter>Form Files</Filter>
    </CustomBuild>
    <CustomBuild Include="..\..\..\..\..\lz_db\src\gui\manage_tunnel.ui">
      <Filter>Form Files</Filter>
    </CustomBuild>
    <CustomBuild Include="..\..\..\..\..\lz_db\src\gui\output_clearance.ui">
      <Filter>Form Files</Filter>
    </CustomBuild>
    <CustomBuild Include="..\..\..\..\..\filetransport\include\filesender.h">
      <Filter>Header Files</Filter>
    </CustomBuild>
    <CustomBuild Include="..\..\..\..\..\filetransport\include\filereceiver.h">
      <Filter>Header Files</Filter>
    </CustomBuild>
    <CustomBuild Include="..\..\..\..\..\network_cs\include\client\client.h">
      <Filter>Header Files</Filter>
    </CustomBuild>
    <CustomBuild Include="..\..\..\..\..\compress\include\file_decompress.h">
      <Filter>Header Files</Filter>
    </CustomBuild>
    <CustomBuild Include="..\..\..\..\..\datastructure\include\realtask_list.h">
      <Filter>Header Files</Filter>
    </CustomBuild>
    <CustomBuild Include="..\..\..\..\..\datastructure\include\checkedtask_list.h">
      <Filter>Header Files</Filter>
    </CustomBuild>
    <CustomBuild Include="..\..\..\..\..\datastructure\include\plantask_list.h">
      <Filter>Header Files</Filter>
    </CustomBuild>
    <CustomBuild Include="..\..\..\..\include\gui\select_tunnel.h">
      <Filter>Header Files</Filter>
    </CustomBuild>
    <CustomBuild Include="..\..\..\..\src\gui\synthesis_correct.ui">
      <Filter>Form Files</Filter>
    </CustomBuild>
    <CustomBuild Include="..\..\..\..\include\gui\synthesis_correct.h">
      <Filter>Header Files</Filter>
    </CustomBuild>
    <CustomBuild Include="..\..\..\..\..\filetransport\include\filelistsender.h">
      <Filter>Header Files</Filter>
    </CustomBuild>
    <CustomBuild Include="..\..\..\..\..\filetransport\include\filereceiverserver.h">
      <Filter>Header Files</Filter>
    </CustomBuild>
    <CustomBuild Include="..\..\..\..\..\lz_output\include\gui\textedit.h">
      <Filter>Header Files</Filter>
    </CustomBuild>
    <CustomBuild Include="..\..\..\..\resource\player.qrc">
      <Filter>Resource Files</Filter>
    </CustomBuild>
    <CustomBuild Include="..\..\..\..\resource\icons.qrc">
      <Filter>Resource Files</Filter>
    </CustomBuild>
    <CustomBuild Include="..\..\..\..\..\lz_output\resource\textedit.qrc">
      <Filter>Resource Files</Filter>
    </CustomBuild>
    <CustomBuild Include="..\..\..\..\include\gui\imageviewer_client.h">
      <Filter>Header Files</Filter>
    </CustomBuild>
    <CustomBuild Include="..\..\..\..\..\datastructure\include\lz_project_access.h">
      <Filter>Header Files</Filter>
    </CustomBuild>
    <CustomBuild Include="..\..\..\..\..\lz_output\include\gui\fancybrowser.h">
      <Filter>Header Files</Filter>
    </CustomBuild>
    <CustomBuild Include="..\..\..\..\..\lz_output\resource\jquery.qrc">
      <Filter>Resource Files</Filter>
    </CustomBuild>
    <CustomBuild Include="..\..\..\..\..\filemanagers\include\gui\drawimage.h">
      <Filter>Header Files</Filter>
    </CustomBuild>
    <CustomBuild Include="..\..\..\..\..\filemanagers\include\gui\imageviewer.h">
      <Filter>Header Files</Filter>
    </CustomBuild>
    <CustomBuild Include="..\..\..\..\..\filemanagers\include\gui\multiframecorrect.h">
      <Filter>Header Files</Filter>
    </CustomBuild>
    <CustomBuild Include="..\..\..\..\..\filemanagers\src\gui\drawimage.ui">
      <Filter>Form Files</Filter>
    </CustomBuild>
    <CustomBuild Include="..\..\..\..\..\filemanagers\src\gui\imageviewer.ui">
      <Filter>Form Files</Filter>
    </CustomBuild>
    <CustomBuild Include="..\..\..\..\..\filemanagers\src\gui\multiframecorrect.ui">
      <Filter>Form Files</Filter>
    </CustomBuild>
  </ItemGroup>
  <ItemGroup>
    <ClCompile Include="GeneratedFiles\Debug\moc_clientprogram.cpp">
      <Filter>Generated Files\Debug</Filter>
    </ClCompile>
    <ClCompile Include="GeneratedFiles\Release\moc_clientprogram.cpp">
      <Filter>Generated Files\Release</Filter>
    </ClCompile>
    <ClCompile Include="GeneratedFiles\Debug\moc_about.cpp">
      <Filter>Generated Files\Debug</Filter>
    </ClCompile>
    <ClCompile Include="GeneratedFiles\Release\moc_about.cpp">
      <Filter>Generated Files\Release</Filter>
    </ClCompile>
    <ClCompile Include="GeneratedFiles\Debug\moc_correct_clearance.cpp">
      <Filter>Generated Files\Debug</Filter>
    </ClCompile>
    <ClCompile Include="GeneratedFiles\Release\moc_correct_clearance.cpp">
      <Filter>Generated Files\Release</Filter>
    </ClCompile>
    <ClCompile Include="GeneratedFiles\Debug\moc_login.cpp">
      <Filter>Generated Files\Debug</Filter>
    </ClCompile>
    <ClCompile Include="GeneratedFiles\Release\moc_login.cpp">
      <Filter>Generated Files\Release</Filter>
    </ClCompile>
    <ClCompile Include="GeneratedFiles\Debug\moc_mainwidget.cpp">
      <Filter>Generated Files\Debug</Filter>
    </ClCompile>
    <ClCompile Include="GeneratedFiles\Release\moc_mainwidget.cpp">
      <Filter>Generated Files\Release</Filter>
    </ClCompile>
    <ClCompile Include="GeneratedFiles\Debug\moc_synthesis_tunnel.cpp">
      <Filter>Generated Files\Debug</Filter>
    </ClCompile>
    <ClCompile Include="GeneratedFiles\Release\moc_synthesis_tunnel.cpp">
      <Filter>Generated Files\Release</Filter>
    </ClCompile>
    <ClCompile Include="GeneratedFiles\Debug\moc_tabwidgetmanager.cpp">
      <Filter>Generated Files\Debug</Filter>
    </ClCompile>
    <ClCompile Include="GeneratedFiles\Release\moc_tabwidgetmanager.cpp">
      <Filter>Generated Files\Release</Filter>
    </ClCompile>
    <ClCompile Include="GeneratedFiles\Debug\moc_widgetheader.cpp">
      <Filter>Generated Files\Debug</Filter>
    </ClCompile>
    <ClCompile Include="GeneratedFiles\Release\moc_widgetheader.cpp">
      <Filter>Generated Files\Release</Filter>
    </ClCompile>
    <ClCompile Include="GeneratedFiles\Debug\moc_widgetone.cpp">
      <Filter>Generated Files\Debug</Filter>
    </ClCompile>
    <ClCompile Include="GeneratedFiles\Release\moc_widgetone.cpp">
      <Filter>Generated Files\Release</Filter>
    </ClCompile>
    <ClCompile Include="GeneratedFiles\Debug\moc_windowmanager.cpp">
      <Filter>Generated Files\Debug</Filter>
    </ClCompile>
    <ClCompile Include="GeneratedFiles\Release\moc_windowmanager.cpp">
      <Filter>Generated Files\Release</Filter>
    </ClCompile>
    <ClCompile Include="GeneratedFiles\Debug\moc_setting_client.cpp">
      <Filter>Generated Files\Debug</Filter>
    </ClCompile>
    <ClCompile Include="GeneratedFiles\Release\moc_setting_client.cpp">
      <Filter>Generated Files\Release</Filter>
    </ClCompile>
    <ClCompile Include="GeneratedFiles\Debug\moc_output_heights_list.cpp">
      <Filter>Generated Files\Debug</Filter>
    </ClCompile>
    <ClCompile Include="GeneratedFiles\Release\moc_output_heights_list.cpp">
      <Filter>Generated Files\Release</Filter>
    </ClCompile>
    <ClCompile Include="..\..\..\..\src\gui\about.cpp">
      <Filter>Source files</Filter>
    </ClCompile>
    <ClCompile Include="..\..\..\..\src\gui\correct_clearance.cpp">
      <Filter>Source files</Filter>
    </ClCompile>
    <ClCompile Include="..\..\..\..\src\gui\login.cpp">
      <Filter>Source files</Filter>
    </ClCompile>
    <ClCompile Include="..\..\..\..\src\gui\mainwidget.cpp">
      <Filter>Source files</Filter>
    </ClCompile>
    <ClCompile Include="..\..\..\..\src\gui\select_tunnel.cpp">
      <Filter>Source files</Filter>
    </ClCompile>
    <ClCompile Include="..\..\..\..\src\gui\synthesis_tunnel.cpp">
      <Filter>Source files</Filter>
    </ClCompile>
    <ClCompile Include="..\..\..\..\src\gui\tabwidgetmanager.cpp">
      <Filter>Source files</Filter>
    </ClCompile>
    <ClCompile Include="..\..\..\..\src\gui\widgetheader.cpp">
      <Filter>Source files</Filter>
    </ClCompile>
    <ClCompile Include="..\..\..\..\src\gui\widgetone.cpp">
      <Filter>Source files</Filter>
    </ClCompile>
    <ClCompile Include="..\..\..\..\src\gui\windowmanager.cpp">
      <Filter>Source files</Filter>
    </ClCompile>
    <ClCompile Include="..\..\..\..\src\clientprogram.cpp">
      <Filter>Source files</Filter>
    </ClCompile>
    <ClCompile Include="..\..\..\..\src\setting_client.cpp">
      <Filter>Source files</Filter>
    </ClCompile>
    <ClCompile Include="GeneratedFiles\Debug\moc_backup_db.cpp">
      <Filter>Generated Files\Debug</Filter>
    </ClCompile>
    <ClCompile Include="GeneratedFiles\Release\moc_backup_db.cpp">
      <Filter>Generated Files\Release</Filter>
    </ClCompile>
    <ClCompile Include="GeneratedFiles\Debug\moc_input_bridge_clearance.cpp">
      <Filter>Generated Files\Debug</Filter>
    </ClCompile>
    <ClCompile Include="GeneratedFiles\Release\moc_input_bridge_clearance.cpp">
      <Filter>Generated Files\Release</Filter>
    </ClCompile>
    <ClCompile Include="GeneratedFiles\Debug\moc_manage_line.cpp">
      <Filter>Generated Files\Debug</Filter>
    </ClCompile>
    <ClCompile Include="GeneratedFiles\Release\moc_manage_line.cpp">
      <Filter>Generated Files\Release</Filter>
    </ClCompile>
    <ClCompile Include="GeneratedFiles\Debug\moc_manage_tunnel.cpp">
      <Filter>Generated Files\Debug</Filter>
    </ClCompile>
    <ClCompile Include="GeneratedFiles\Release\moc_manage_tunnel.cpp">
      <Filter>Generated Files\Release</Filter>
    </ClCompile>
    <ClCompile Include="GeneratedFiles\Debug\moc_output_clearance.cpp">
      <Filter>Generated Files\Debug</Filter>
    </ClCompile>
    <ClCompile Include="GeneratedFiles\Release\moc_output_clearance.cpp">
      <Filter>Generated Files\Release</Filter>
    </ClCompile>
    <ClCompile Include="GeneratedFiles\Debug\moc_select_historical_tunnel.cpp">
      <Filter>Generated Files\Debug</Filter>
    </ClCompile>
    <ClCompile Include="GeneratedFiles\Release\moc_select_historical_tunnel.cpp">
      <Filter>Generated Files\Release</Filter>
    </ClCompile>
    <ClCompile Include="GeneratedFiles\Debug\moc_daoadmin.cpp">
      <Filter>Generated Files\Debug</Filter>
    </ClCompile>
    <ClCompile Include="GeneratedFiles\Release\moc_daoadmin.cpp">
      <Filter>Generated Files\Release</Filter>
    </ClCompile>
    <ClCompile Include="GeneratedFiles\Debug\moc_daoclearanceoutput.cpp">
      <Filter>Generated Files\Debug</Filter>
    </ClCompile>
    <ClCompile Include="GeneratedFiles\Release\moc_daoclearanceoutput.cpp">
      <Filter>Generated Files\Release</Filter>
    </ClCompile>
    <ClCompile Include="GeneratedFiles\Debug\moc_daocurve.cpp">
      <Filter>Generated Files\Debug</Filter>
    </ClCompile>
    <ClCompile Include="GeneratedFiles\Release\moc_daocurve.cpp">
      <Filter>Generated Files\Release</Filter>
    </ClCompile>
    <ClCompile Include="GeneratedFiles\Debug\moc_daoline.cpp">
      <Filter>Generated Files\Debug</Filter>
    </ClCompile>
    <ClCompile Include="GeneratedFiles\Release\moc_daoline.cpp">
      <Filter>Generated Files\Release</Filter>
    </ClCompile>
    <ClCompile Include="GeneratedFiles\Debug\moc_daooutputitem.cpp">
      <Filter>Generated Files\Debug</Filter>
    </ClCompile>
    <ClCompile Include="GeneratedFiles\Release\moc_daooutputitem.cpp">
      <Filter>Generated Files\Release</Filter>
    </ClCompile>
    <ClCompile Include="GeneratedFiles\Debug\moc_daostation.cpp">
      <Filter>Generated Files\Debug</Filter>
    </ClCompile>
    <ClCompile Include="GeneratedFiles\Release\moc_daostation.cpp">
      <Filter>Generated Files\Release</Filter>
    </ClCompile>
    <ClCompile Include="GeneratedFiles\Debug\moc_daotask.cpp">
      <Filter>Generated Files\Debug</Filter>
    </ClCompile>
    <ClCompile Include="GeneratedFiles\Release\moc_daotask.cpp">
      <Filter>Generated Files\Release</Filter>
    </ClCompile>
    <ClCompile Include="GeneratedFiles\Debug\moc_daotasktunnel.cpp">
      <Filter>Generated Files\Debug</Filter>
    </ClCompile>
    <ClCompile Include="GeneratedFiles\Release\moc_daotasktunnel.cpp">
      <Filter>Generated Files\Release</Filter>
    </ClCompile>
    <ClCompile Include="GeneratedFiles\Debug\moc_daotunnel.cpp">
      <Filter>Generated Files\Debug</Filter>
    </ClCompile>
    <ClCompile Include="GeneratedFiles\Release\moc_daotunnel.cpp">
      <Filter>Generated Files\Release</Filter>
    </ClCompile>
    <ClCompile Include="GeneratedFiles\Debug\moc_dumpdb.cpp">
      <Filter>Generated Files\Debug</Filter>
    </ClCompile>
    <ClCompile Include="GeneratedFiles\Release\moc_dumpdb.cpp">
      <Filter>Generated Files\Release</Filter>
    </ClCompile>
    <ClCompile Include="GeneratedFiles\Debug\moc_settingdb.cpp">
      <Filter>Generated Files\Debug</Filter>
    </ClCompile>
    <ClCompile Include="GeneratedFiles\Release\moc_settingdb.cpp">
      <Filter>Generated Files\Release</Filter>
    </ClCompile>
    <ClCompile Include="..\..\..\..\..\lz_db\src\daoadmin.cpp">
      <Filter>Source files</Filter>
    </ClCompile>
    <ClCompile Include="..\..\..\..\..\lz_db\src\daoclearanceoutput.cpp">
      <Filter>Source files</Filter>
    </ClCompile>
    <ClCompile Include="..\..\..\..\..\lz_db\src\daocurve.cpp">
      <Filter>Source files</Filter>
    </ClCompile>
    <ClCompile Include="..\..\..\..\..\lz_db\src\daoline.cpp">
      <Filter>Source files</Filter>
    </ClCompile>
    <ClCompile Include="..\..\..\..\..\lz_db\src\daooutputitem.cpp">
      <Filter>Source files</Filter>
    </ClCompile>
    <ClCompile Include="..\..\..\..\..\lz_db\src\daostation.cpp">
      <Filter>Source files</Filter>
    </ClCompile>
    <ClCompile Include="..\..\..\..\..\lz_db\src\daotask.cpp">
      <Filter>Source files</Filter>
    </ClCompile>
    <ClCompile Include="..\..\..\..\..\lz_db\src\daotasktunnel.cpp">
      <Filter>Source files</Filter>
    </ClCompile>
    <ClCompile Include="..\..\..\..\..\lz_db\src\daotunnel.cpp">
      <Filter>Source files</Filter>
    </ClCompile>
    <ClCompile Include="..\..\..\..\..\lz_db\src\dumpdb.cpp">
      <Filter>Source files</Filter>
    </ClCompile>
    <ClCompile Include="..\..\..\..\..\lz_db\src\settingdb.cpp">
      <Filter>Source files</Filter>
    </ClCompile>
    <ClCompile Include="..\..\..\..\..\lz_db\src\gui\select_historical_tunnel.cpp">
      <Filter>Source files</Filter>
    </ClCompile>
    <ClCompile Include="..\..\..\..\..\lz_db\src\gui\backup_db.cpp">
      <Filter>Source files</Filter>
    </ClCompile>
    <ClCompile Include="..\..\..\..\..\lz_db\src\gui\input_bridge_clearance.cpp">
      <Filter>Source files</Filter>
    </ClCompile>
    <ClCompile Include="..\..\..\..\..\lz_db\src\gui\manage_line.cpp">
      <Filter>Source files</Filter>
    </ClCompile>
    <ClCompile Include="..\..\..\..\..\lz_db\src\gui\manage_tunnel.cpp">
      <Filter>Source files</Filter>
    </ClCompile>
    <ClCompile Include="..\..\..\..\..\lz_db\src\gui\output_clearance.cpp">
      <Filter>Source files</Filter>
    </ClCompile>
    <ClCompile Include="..\..\..\..\..\datastructure\src\tunneldatamodel.cpp">
      <Filter>Source files</Filter>
    </ClCompile>
    <ClCompile Include="..\..\..\..\..\datastructure\src\clearance_item.cpp">
      <Filter>Source files</Filter>
    </ClCompile>
    <ClCompile Include="..\..\..\..\..\datastructure\src\output_heights_list.cpp">
      <Filter>Source files</Filter>
    </ClCompile>
    <ClCompile Include="GeneratedFiles\Debug\moc_filesender.cpp">
      <Filter>Generated Files\Debug</Filter>
    </ClCompile>
    <ClCompile Include="GeneratedFiles\Release\moc_filesender.cpp">
      <Filter>Generated Files\Release</Filter>
    </ClCompile>
    <ClCompile Include="GeneratedFiles\Debug\moc_filereceiver.cpp">
      <Filter>Generated Files\Debug</Filter>
    </ClCompile>
    <ClCompile Include="GeneratedFiles\Release\moc_filereceiver.cpp">
      <Filter>Generated Files\Release</Filter>
    </ClCompile>
    <ClCompile Include="..\..\..\..\..\filetransport\src\filesender.cpp">
      <Filter>Source files</Filter>
    </ClCompile>
    <ClCompile Include="..\..\..\..\..\filetransport\src\filereceiver.cpp">
      <Filter>Source files</Filter>
    </ClCompile>
    <ClCompile Include="GeneratedFiles\Debug\moc_client.cpp">
      <Filter>Generated Files\Debug</Filter>
    </ClCompile>
    <ClCompile Include="GeneratedFiles\Release\moc_client.cpp">
      <Filter>Generated Files\Release</Filter>
    </ClCompile>
    <ClCompile Include="..\..\..\..\..\network_cs\src\client\client.cpp">
      <Filter>Source files</Filter>
    </ClCompile>
    <ClCompile Include="..\..\..\..\..\xmlloader\src\tinyxml\tinystr.cpp">
      <Filter>Source files</Filter>
    </ClCompile>
    <ClCompile Include="..\..\..\..\..\xmlloader\src\tinyxml\tinyxml.cpp">
      <Filter>Source files</Filter>
    </ClCompile>
    <ClCompile Include="..\..\..\..\..\xmlloader\src\tinyxml\tinyxmlerror.cpp">
      <Filter>Source files</Filter>
    </ClCompile>
    <ClCompile Include="..\..\..\..\..\xmlloader\src\tinyxml\tinyxmlparser.cpp">
      <Filter>Source files</Filter>
    </ClCompile>
    <ClCompile Include="..\..\..\..\..\xmlloader\src\xmlfileloader.cpp">
      <Filter>Source files</Filter>
    </ClCompile>
    <ClCompile Include="..\..\..\..\..\xmlloader\src\xmlsynthesisheightsfileloader.cpp">
      <Filter>Source files</Filter>
    </ClCompile>
    <ClCompile Include="GeneratedFiles\Debug\moc_file_decompress.cpp">
      <Filter>Generated Files\Debug</Filter>
    </ClCompile>
    <ClCompile Include="GeneratedFiles\Release\moc_file_decompress.cpp">
      <Filter>Generated Files\Release</Filter>
    </ClCompile>
    <ClCompile Include="..\..\..\..\..\xmlloader\src\xmlcheckedtaskfileloader.cpp">
      <Filter>Source files</Filter>
    </ClCompile>
    <ClCompile Include="..\..\..\..\..\xmlloader\src\xmlrealtaskfileloader.cpp">
      <Filter>Source files</Filter>
    </ClCompile>
    <ClCompile Include="..\..\..\..\..\xmlloader\src\xmltaskfileloader.cpp">
      <Filter>Source files</Filter>
    </ClCompile>
    <ClCompile Include="GeneratedFiles\Debug\moc_realtask_list.cpp">
      <Filter>Generated Files\Debug</Filter>
    </ClCompile>
    <ClCompile Include="GeneratedFiles\Release\moc_realtask_list.cpp">
      <Filter>Generated Files\Release</Filter>
    </ClCompile>
    <ClCompile Include="GeneratedFiles\Debug\moc_checkedtask_list.cpp">
      <Filter>Generated Files\Debug</Filter>
    </ClCompile>
    <ClCompile Include="GeneratedFiles\Release\moc_checkedtask_list.cpp">
      <Filter>Generated Files\Release</Filter>
    </ClCompile>
    <ClCompile Include="GeneratedFiles\Debug\moc_plantask_list.cpp">
      <Filter>Generated Files\Debug</Filter>
    </ClCompile>
    <ClCompile Include="GeneratedFiles\Release\moc_plantask_list.cpp">
      <Filter>Generated Files\Release</Filter>
    </ClCompile>
    <ClCompile Include="..\..\..\..\..\datastructure\src\realtask_list.cpp">
      <Filter>Source files</Filter>
    </ClCompile>
    <ClCompile Include="..\..\..\..\..\datastructure\src\checkedtask.cpp">
      <Filter>Source files</Filter>
    </ClCompile>
    <ClCompile Include="..\..\..\..\..\datastructure\src\checkedtask_list.cpp">
      <Filter>Source files</Filter>
    </ClCompile>
    <ClCompile Include="..\..\..\..\..\datastructure\src\plantask_list.cpp">
      <Filter>Source files</Filter>
    </ClCompile>
    <ClCompile Include="..\..\..\..\..\compress\src\file_decompress.cpp">
      <Filter>Source files</Filter>
    </ClCompile>
    <ClCompile Include="..\..\main.cpp">
      <Filter>Source files</Filter>
    </ClCompile>
    <ClCompile Include="..\..\..\..\..\filemanagers\src\LzSerialStorageBase.cpp">
      <Filter>Source files</Filter>
    </ClCompile>
    <ClCompile Include="GeneratedFiles\Debug\moc_select_tunnel.cpp">
      <Filter>Generated Files\Debug</Filter>
    </ClCompile>
    <ClCompile Include="GeneratedFiles\Release\moc_select_tunnel.cpp">
      <Filter>Generated Files\Release</Filter>
    </ClCompile>
    <ClCompile Include="..\..\..\..\src\gui\synthesis_correct.cpp">
      <Filter>Source files</Filter>
    </ClCompile>
    <ClCompile Include="GeneratedFiles\Debug\moc_synthesis_correct.cpp">
      <Filter>Generated Files\Debug</Filter>
    </ClCompile>
    <ClCompile Include="GeneratedFiles\Release\moc_synthesis_correct.cpp">
      <Filter>Generated Files\Release</Filter>
    </ClCompile>
    <ClCompile Include="..\..\..\..\..\datastructure\src\projectmodel.cpp">
      <Filter>Source files</Filter>
    </ClCompile>
    <ClCompile Include="..\..\..\..\..\xmlloader\src\xmlprojectfileloader.cpp">
      <Filter>Source files</Filter>
    </ClCompile>
    <ClCompile Include="..\..\..\..\..\calculate\src\LzSynth.cpp">
      <Filter>Source files</Filter>
    </ClCompile>
    <ClCompile Include="..\..\..\..\..\calculate\src\LzSynth_n.cpp">
      <Filter>Source files</Filter>
    </ClCompile>
    <ClCompile Include="GeneratedFiles\Debug\moc_filelistsender.cpp">
      <Filter>Generated Files\Debug</Filter>
    </ClCompile>
    <ClCompile Include="GeneratedFiles\Release\moc_filelistsender.cpp">
      <Filter>Generated Files\Release</Filter>
    </ClCompile>
    <ClCompile Include="GeneratedFiles\Debug\moc_filereceiverserver.cpp">
      <Filter>Generated Files\Debug</Filter>
    </ClCompile>
    <ClCompile Include="GeneratedFiles\Release\moc_filereceiverserver.cpp">
      <Filter>Generated Files\Release</Filter>
    </ClCompile>
    <ClCompile Include="..\..\..\..\..\filetransport\src\filelistsender.cpp">
      <Filter>Source files</Filter>
    </ClCompile>
    <ClCompile Include="..\..\..\..\..\filetransport\src\filereceiverserver.cpp">
      <Filter>Source files</Filter>
    </ClCompile>
    <ClCompile Include="..\..\..\..\..\datastructure\src\clearance_tunnel.cpp">
      <Filter>Source files</Filter>
    </ClCompile>
    <ClCompile Include="..\..\..\..\..\datastructure\src\clearance_tunnels.cpp">
      <Filter>Source files</Filter>
    </ClCompile>
    <ClCompile Include="..\..\..\..\..\lz_output\src\lz_excel_output.cpp">
      <Filter>Source files</Filter>
    </ClCompile>
    <ClCompile Include="..\..\..\..\..\lz_output\src\lz_html_output.cpp">
      <Filter>Source files</Filter>
    </ClCompile>
    <ClCompile Include="..\..\..\..\..\lz_output\src\lz_output_access.cpp">
      <Filter>Source files</Filter>
    </ClCompile>
    <ClCompile Include="GeneratedFiles\Debug\moc_textedit.cpp">
      <Filter>Generated Files\Debug</Filter>
    </ClCompile>
    <ClCompile Include="GeneratedFiles\Release\moc_textedit.cpp">
      <Filter>Generated Files\Release</Filter>
    </ClCompile>
    <ClCompile Include="..\..\..\..\..\lz_output\src\gui\textedit.cpp">
      <Filter>Source files</Filter>
    </ClCompile>
    <ClCompile Include="..\..\..\..\..\lz_output\src\excelengine.cpp">
      <Filter>Source files</Filter>
    </ClCompile>
    <ClCompile Include="..\..\..\..\..\lz_logger\src\lz_logger.cpp">
      <Filter>Source files</Filter>
    </ClCompile>
    <ClCompile Include="GeneratedFiles\qrc_player.cpp">
      <Filter>Generated Files</Filter>
    </ClCompile>
    <ClCompile Include="GeneratedFiles\qrc_icons.cpp">
      <Filter>Generated Files</Filter>
    </ClCompile>
    <ClCompile Include="GeneratedFiles\qrc_textedit.cpp">
      <Filter>Generated Files</Filter>
    </ClCompile>
    <ClCompile Include="..\..\..\..\..\datastructure\src\clearance_edit_record.cpp">
      <Filter>Source files</Filter>
    </ClCompile>
    <ClCompile Include="GeneratedFiles\Debug\moc_imageviewer_client.cpp">
      <Filter>Generated Files\Debug</Filter>
    </ClCompile>
    <ClCompile Include="GeneratedFiles\Release\moc_imageviewer_client.cpp">
      <Filter>Generated Files\Release</Filter>
    </ClCompile>
    <ClCompile Include="..\..\..\..\src\gui\imageviewer_client.cpp">
      <Filter>Source files</Filter>
    </ClCompile>
    <ClCompile Include="..\..\..\..\..\compress\include\minilzo.c">
      <Filter>Source files</Filter>
    </ClCompile>
    <ClCompile Include="..\..\..\..\..\compress\src\testmini.c">
      <Filter>Source files</Filter>
    </ClCompile>
    <ClCompile Include="GeneratedFiles\Debug\moc_lz_project_access.cpp">
      <Filter>Generated Files\Debug</Filter>
    </ClCompile>
    <ClCompile Include="GeneratedFiles\Release\moc_lz_project_access.cpp">
      <Filter>Generated Files\Release</Filter>
    </ClCompile>
    <ClCompile Include="..\..\..\..\..\datastructure\src\lz_project_access.cpp">
      <Filter>Source files</Filter>
    </ClCompile>
    <ClCompile Include="GeneratedFiles\Debug\moc_fancybrowser.cpp">
      <Filter>Generated Files\Debug</Filter>
    </ClCompile>
    <ClCompile Include="GeneratedFiles\Release\moc_fancybrowser.cpp">
      <Filter>Generated Files\Release</Filter>
    </ClCompile>
    <ClCompile Include="..\..\..\..\..\lz_output\src\gui\fancybrowser.cpp">
      <Filter>Source files</Filter>
    </ClCompile>
    <ClCompile Include="GeneratedFiles\qrc_jquery.cpp">
      <Filter>Generated Files</Filter>
    </ClCompile>
    <ClCompile Include="..\..\..\..\..\filemanagers\src\gui\MatToQImage.cpp">
      <Filter>Source files</Filter>
    </ClCompile>
    <ClCompile Include="GeneratedFiles\Debug\moc_drawimage.cpp">
      <Filter>Generated Files\Debug</Filter>
    </ClCompile>
    <ClCompile Include="GeneratedFiles\Release\moc_drawimage.cpp">
      <Filter>Generated Files\Release</Filter>
    </ClCompile>
    <ClCompile Include="GeneratedFiles\Debug\moc_imageviewer.cpp">
      <Filter>Generated Files\Debug</Filter>
    </ClCompile>
    <ClCompile Include="GeneratedFiles\Release\moc_imageviewer.cpp">
      <Filter>Generated Files\Release</Filter>
    </ClCompile>
    <ClCompile Include="GeneratedFiles\Debug\moc_multiframecorrect.cpp">
      <Filter>Generated Files\Debug</Filter>
    </ClCompile>
    <ClCompile Include="GeneratedFiles\Release\moc_multiframecorrect.cpp">
      <Filter>Generated Files\Release</Filter>
    </ClCompile>
    <ClCompile Include="..\..\..\..\..\filemanagers\src\gui\imageviewer.cpp">
      <Filter>Source files</Filter>
    </ClCompile>
    <ClCompile Include="..\..\..\..\..\filemanagers\src\gui\multiframecorrect.cpp">
      <Filter>Source files</Filter>
    </ClCompile>
    <ClCompile Include="..\..\..\..\..\filemanagers\src\gui\drawimage.cpp">
      <Filter>Source files</Filter>
    </ClCompile>
    <ClCompile Include="..\..\..\..\..\calculate\src\LzCalculator.cpp">
      <Filter>Source files</Filter>
    </ClCompile>
    <ClCompile Include="..\..\..\..\..\calculate\src\LzEdgeMarker.cpp">
      <Filter>Source files</Filter>
    </ClCompile>
    <ClCompile Include="..\..\..\..\..\calculate\src\LzImgArgument.cpp">
      <Filter>Source files</Filter>
    </ClCompile>
  </ItemGroup>
  <ItemGroup>
    <ClInclude Include="..\..\..\..\..\datastructure\include\tunneldatamodel.h">
      <Filter>Header Files</Filter>
    </ClInclude>
    <ClInclude Include="..\..\..\..\..\datastructure\include\clearance_item.h">
      <Filter>Header Files</Filter>
    </ClInclude>
    <ClInclude Include="GeneratedFiles\ui_widgetone.h">
      <Filter>Generated Files</Filter>
    </ClInclude>
    <ClInclude Include="GeneratedFiles\ui_about.h">
      <Filter>Generated Files</Filter>
    </ClInclude>
    <ClInclude Include="GeneratedFiles\ui_correct_clearance.h">
      <Filter>Generated Files</Filter>
    </ClInclude>
    <ClInclude Include="GeneratedFiles\ui_login.h">
      <Filter>Generated Files</Filter>
    </ClInclude>
    <ClInclude Include="GeneratedFiles\ui_mainwidget.h">
      <Filter>Generated Files</Filter>
    </ClInclude>
    <ClInclude Include="GeneratedFiles\ui_select_tunnel.h">
      <Filter>Generated Files</Filter>
    </ClInclude>
    <ClInclude Include="GeneratedFiles\ui_synthesis_tunnel.h">
      <Filter>Generated Files</Filter>
    </ClInclude>
    <ClInclude Include="GeneratedFiles\ui_tabwidgetmanager.h">
      <Filter>Generated Files</Filter>
    </ClInclude>
    <ClInclude Include="GeneratedFiles\ui_widgetheader.h">
      <Filter>Generated Files</Filter>
    </ClInclude>
    <ClInclude Include="..\..\..\..\..\lz_db\include\connectdb.h">
      <Filter>Header Files</Filter>
    </ClInclude>
    <ClInclude Include="GeneratedFiles\ui_select_historical_tunnel.h">
      <Filter>Generated Files</Filter>
    </ClInclude>
    <ClInclude Include="GeneratedFiles\ui_backup_db.h">
      <Filter>Generated Files</Filter>
    </ClInclude>
    <ClInclude Include="GeneratedFiles\ui_input_bridge_clearance.h">
      <Filter>Generated Files</Filter>
    </ClInclude>
    <ClInclude Include="GeneratedFiles\ui_manage_line.h">
      <Filter>Generated Files</Filter>
    </ClInclude>
    <ClInclude Include="GeneratedFiles\ui_manage_tunnel.h">
      <Filter>Generated Files</Filter>
    </ClInclude>
    <ClInclude Include="GeneratedFiles\ui_output_clearance.h">
      <Filter>Generated Files</Filter>
    </ClInclude>
    <ClInclude Include="..\..\..\..\..\xmlloader\include\xmlsynthesisheightsfileloader.h">
      <Filter>Header Files</Filter>
    </ClInclude>
    <ClInclude Include="..\..\..\..\..\xmlloader\include\xmlfileloader.h">
      <Filter>Header Files</Filter>
    </ClInclude>
    <ClInclude Include="..\..\..\..\..\xmlloader\include\tinyxml\tinystr.h">
      <Filter>Header Files</Filter>
    </ClInclude>
    <ClInclude Include="..\..\..\..\..\xmlloader\include\tinyxml\tinyxml.h">
      <Filter>Header Files</Filter>
    </ClInclude>
    <ClInclude Include="..\..\..\..\..\xmlloader\include\xmlrealtaskfileloader.h">
      <Filter>Header Files</Filter>
    </ClInclude>
    <ClInclude Include="..\..\..\..\..\xmlloader\include\xmltaskfileloader.h">
      <Filter>Header Files</Filter>
    </ClInclude>
    <ClInclude Include="..\..\..\..\..\xmlloader\include\xmlcheckedtaskfileloader.h">
      <Filter>Header Files</Filter>
    </ClInclude>
    <ClInclude Include="..\..\..\..\..\datastructure\include\checkedtask.h">
      <Filter>Header Files</Filter>
    </ClInclude>
    <ClInclude Include="..\..\..\..\..\datastructure\include\plantask.h">
      <Filter>Header Files</Filter>
    </ClInclude>
    <ClInclude Include="..\..\..\..\..\datastructure\include\realtask.h">
      <Filter>Header Files</Filter>
    </ClInclude>
    <ClInclude Include="..\..\..\..\..\filemanagers\include\LzSerialStorageSynthesis.h">
      <Filter>Header Files</Filter>
    </ClInclude>
    <ClInclude Include="..\..\..\..\..\filemanagers\include\LzSerialStorageBase.h">
      <Filter>Header Files</Filter>
    </ClInclude>
    <ClInclude Include="..\..\..\..\..\datastructure\include\headdefine.h">
      <Filter>Header Files</Filter>
    </ClInclude>
    <ClInclude Include="..\..\..\..\..\lz_exception\include\LzException.h">
      <Filter>Header Files</Filter>
    </ClInclude>
    <ClInclude Include="GeneratedFiles\ui_synthesis_correct.h">
      <Filter>Generated Files</Filter>
    </ClInclude>
    <ClInclude Include="..\..\..\..\..\datastructure\include\projectmodel.h">
      <Filter>Header Files</Filter>
    </ClInclude>
    <ClInclude Include="..\..\..\..\..\xmlloader\include\xmlprojectfileloader.h">
      <Filter>Header Files</Filter>
    </ClInclude>
    <ClInclude Include="..\..\..\..\..\calculate\include\LzSynth.h">
      <Filter>Header Files</Filter>
    </ClInclude>
    <ClInclude Include="..\..\..\..\..\calculate\include\LzSynth_n.h">
      <Filter>Header Files</Filter>
    </ClInclude>
    <ClInclude Include="..\..\..\..\..\calculate\include\LzFilter.h">
      <Filter>Header Files</Filter>
    </ClInclude>
    <ClInclude Include="..\..\..\..\..\datastructure\include\clearance_tunnel.h">
      <Filter>Header Files</Filter>
    </ClInclude>
    <ClInclude Include="..\..\..\..\..\datastructure\include\clearance_tunnels.h">
      <Filter>Header Files</Filter>
    </ClInclude>
    <ClInclude Include="..\..\..\..\..\lz_output\include\lz_excel_output.h">
      <Filter>Header Files</Filter>
    </ClInclude>
    <ClInclude Include="..\..\..\..\..\lz_output\include\lz_html_output.h">
      <Filter>Header Files</Filter>
    </ClInclude>
    <ClInclude Include="..\..\..\..\..\lz_output\include\lz_output.h">
      <Filter>Header Files</Filter>
    </ClInclude>
    <ClInclude Include="..\..\..\..\..\lz_output\include\lz_output_access.h">
      <Filter>Header Files</Filter>
    </ClInclude>
    <ClInclude Include="..\..\..\..\..\lz_output\include\excelengine.h">
      <Filter>Header Files</Filter>
    </ClInclude>
    <ClInclude Include="..\..\..\..\..\lz_logger\include\lz_logger.h">
      <Filter>Header Files</Filter>
    </ClInclude>
    <ClInclude Include="..\..\..\..\..\datastructure\include\clearance_edit_record.h">
      <Filter>Header Files</Filter>
    </ClInclude>
    <ClInclude Include="..\..\..\..\..\..\include\datastructure.h">
      <Filter>Header Files</Filter>
    </ClInclude>
    <ClInclude Include="..\..\..\..\..\compress\include\lzoconf.h">
      <Filter>Header Files</Filter>
    </ClInclude>
    <ClInclude Include="..\..\..\..\..\compress\include\lzodefs.h">
      <Filter>Header Files</Filter>
    </ClInclude>
    <ClInclude Include="..\..\..\..\..\compress\include\minilzo.h">
      <Filter>Header Files</Filter>
    </ClInclude>
    <ClInclude Include="..\..\..\..\..\filemanagers\include\LzSerialStorageAcqui.h">
      <Filter>Header Files</Filter>
    </ClInclude>
    <ClInclude Include="..\..\..\..\..\filemanagers\include\LzSerialStorageMat.h">
      <Filter>Header Files</Filter>
    </ClInclude>
    <ClInclude Include="..\..\..\..\..\filemanagers\include\gui\MatToQImage.h">
      <Filter>Header Files</Filter>
    </ClInclude>
    <ClInclude Include="GeneratedFiles\ui_drawimage.h">
      <Filter>Generated Files</Filter>
    </ClInclude>
    <ClInclude Include="GeneratedFiles\ui_imageviewer.h">
      <Filter>Generated Files</Filter>
    </ClInclude>
    <ClInclude Include="GeneratedFiles\ui_multiframecorrect.h">
      <Filter>Generated Files</Filter>
    </ClInclude>
    <ClInclude Include="..\..\..\..\..\calculate\include\LzCalculator.h">
      <Filter>Header Files</Filter>
    </ClInclude>
  </ItemGroup>
  <ItemGroup>
    <Image Include="..\..\..\..\resource\player\player_begin.png">
      <Filter>Resource Files</Filter>
    </Image>
    <Image Include="..\..\..\..\resource\player\player_back.png">
      <Filter>Resource Files</Filter>
    </Image>
    <Image Include="..\..\..\..\resource\player\player_forward.png">
      <Filter>Resource Files</Filter>
    </Image>
    <Image Include="..\..\..\..\resource\player\player_play.png">
      <Filter>Resource Files</Filter>
    </Image>
    <Image Include="..\..\..\..\resource\player\player_stop.png">
      <Filter>Resource Files</Filter>
    </Image>
    <Image Include="..\..\..\..\resource\player\player_end.png">
      <Filter>Resource Files</Filter>
    </Image>
    <Image Include="..\..\..\..\resource\player\player_back_down.png">
      <Filter>Resource Files</Filter>
    </Image>
    <Image Include="..\..\..\..\resource\player\player_forward_down.png">
      <Filter>Resource Files</Filter>
    </Image>
    <Image Include="..\..\..\..\resource\player\player_play_down.png">
      <Filter>Resource Files</Filter>
    </Image>
    <Image Include="..\..\..\..\resource\player\player_stop_down.png">
      <Filter>Resource Files</Filter>
    </Image>
    <Image Include="..\..\..\..\resource\player\player_begin_down.png">
      <Filter>Resource Files</Filter>
    </Image>
    <Image Include="..\..\..\..\resource\player\player_end_down.png">
      <Filter>Resource Files</Filter>
    </Image>
    <Image Include="..\..\..\..\resource\image\addstu&amp;tea.png">
      <Filter>Resource Files</Filter>
    </Image>
    <Image Include="..\..\..\..\resource\image\export.png">
      <Filter>Resource Files</Filter>
    </Image>
    <Image Include="..\..\..\..\resource\image\import.png">
      <Filter>Resource Files</Filter>
    </Image>
    <Image Include="..\..\..\..\resource\image\modify.png">
      <Filter>Resource Files</Filter>
    </Image>
    <Image Include="..\..\..\..\resource\image\ok_3644.png">
      <Filter>Resource Files</Filter>
    </Image>
    <Image Include="..\..\..\..\resource\image\m-delete.gif">
      <Filter>Resource Files</Filter>
    </Image>
    <Image Include="..\..\..\..\resource\image\refresh.png">
      <Filter>Resource Files</Filter>
    </Image>
    <Image Include="..\..\..\..\resource\image\add.png">
      <Filter>Resource Files</Filter>
    </Image>
    <Image Include="..\..\..\..\resource\image\alert.png">
      <Filter>Resource Files</Filter>
    </Image>
    <Image Include="..\..\..\..\resource\image\cross.png">
      <Filter>Resource Files</Filter>
    </Image>
    <Image Include="..\..\..\..\resource\image\down_alt.png">
      <Filter>Resource Files</Filter>
    </Image>
    <Image Include="..\..\..\..\resource\image\exit.png">
      <Filter>Resource Files</Filter>
    </Image>
    <Image Include="..\..\..\..\resource\image\help.png">
      <Filter>Resource Files</Filter>
    </Image>
    <Image Include="..\..\..\..\resource\image\icons_04.png">
      <Filter>Resource Files</Filter>
    </Image>
    <Image Include="..\..\..\..\resource\image\icons_05.png">
      <Filter>Resource Files</Filter>
    </Image>
    <Image Include="..\..\..\..\resource\image\icons_12.png">
      <Filter>Resource Files</Filter>
    </Image>
    <Image Include="..\..\..\..\resource\image\icons_13.png">
      <Filter>Resource Files</Filter>
    </Image>
    <Image Include="..\..\..\..\resource\image\info.png">
      <Filter>Resource Files</Filter>
    </Image>
    <Image Include="..\..\..\..\resource\image\minus (2).png">
      <Filter>Resource Files</Filter>
    </Image>
    <Image Include="..\..\..\..\resource\image\minus white.png">
      <Filter>Resource Files</Filter>
    </Image>
    <Image Include="..\..\..\..\resource\image\minus.png">
      <Filter>Resource Files</Filter>
    </Image>
    <Image Include="..\..\..\..\resource\image\new archive.png">
      <Filter>Resource Files</Filter>
    </Image>
    <Image Include="..\..\..\..\resource\image\notepad.png">
      <Filter>Resource Files</Filter>
    </Image>
    <Image Include="..\..\..\..\resource\image\pencil.png">
      <Filter>Resource Files</Filter>
    </Image>
    <Image Include="..\..\..\..\resource\image\refresh (2).png">
      <Filter>Resource Files</Filter>
    </Image>
    <Image Include="..\..\..\..\resource\image\search (2).png">
      <Filter>Resource Files</Filter>
    </Image>
    <Image Include="..\..\..\..\resource\image\search.png">
      <Filter>Resource Files</Filter>
    </Image>
    <Image Include="..\..\..\..\resource\image\tick.png">
      <Filter>Resource Files</Filter>
    </Image>
    <Image Include="..\..\..\..\resource\image\up_alt.png">
      <Filter>Resource Files</Filter>
    </Image>
    <Image Include="..\..\..\..\resource\image\user.png">
      <Filter>Resource Files</Filter>
    </Image>
    <Image Include="..\..\..\..\resource\image\zoom in.png">
      <Filter>Resource Files</Filter>
    </Image>
    <Image Include="..\..\..\..\resource\image\zoom out.png">
      <Filter>Resource Files</Filter>
    </Image>
    <Image Include="..\..\..\..\resource\image\icon.png">
      <Filter>Resource Files</Filter>
    </Image>
    <Image Include="..\..\..\..\resource\image\lightblue.png">
      <Filter>Resource Files</Filter>
    </Image>
    <Image Include="..\..\..\..\resource\image\lightgreen.png">
      <Filter>Resource Files</Filter>
    </Image>
    <Image Include="..\..\..\..\resource\image\lightred.png">
      <Filter>Resource Files</Filter>
    </Image>
    <Image Include="..\..\..\..\resource\image\lightyellow.png">
      <Filter>Resource Files</Filter>
    </Image>
    <Image Include="..\..\..\..\resource\image\arrow.png">
      <Filter>Resource Files</Filter>
    </Image>
    <Image Include="..\..\..\..\resource\image\tabbutton1.png">
      <Filter>Resource Files</Filter>
    </Image>
    <Image Include="..\..\..\..\resource\image\tabbutton1_up.png">
      <Filter>Resource Files</Filter>
    </Image>
    <Image Include="..\..\..\..\resource\image\tabbutton2.png">
      <Filter>Resource Files</Filter>
    </Image>
    <Image Include="..\..\..\..\resource\image\tabbutton2_up.png">
      <Filter>Resource Files</Filter>
    </Image>
    <Image Include="..\..\..\..\resource\image\Ok.ico">
      <Filter>Resource Files</Filter>
    </Image>
    <Image Include="..\..\..\..\resource\image\cancel.png">
      <Filter>Resource Files</Filter>
    </Image>
    <Image Include="..\..\..\..\resource\image\filesave.png">
      <Filter>Resource Files</Filter>
    </Image>
    <Image Include="..\..\..\..\resource\image\showdoc.png">
      <Filter>Resource Files</Filter>
    </Image>
    <Image Include="..\..\..\..\..\lz_output\resource\images\logo32.png">
      <Filter>Resource Files</Filter>
    </Image>
    <Image Include="..\..\..\..\..\lz_output\resource\images\win\editcopy.png">
      <Filter>Resource Files</Filter>
    </Image>
    <Image Include="..\..\..\..\..\lz_output\resource\images\win\editcut.png">
      <Filter>Resource Files</Filter>
    </Image>
    <Image Include="..\..\..\..\..\lz_output\resource\images\win\editpaste.png">
      <Filter>Resource Files</Filter>
    </Image>
    <Image Include="..\..\..\..\..\lz_output\resource\images\win\editredo.png">
      <Filter>Resource Files</Filter>
    </Image>
    <Image Include="..\..\..\..\..\lz_output\resource\images\win\editundo.png">
      <Filter>Resource Files</Filter>
    </Image>
    <Image Include="..\..\..\..\..\lz_output\resource\images\win\exportpdf.png">
      <Filter>Resource Files</Filter>
    </Image>
    <Image Include="..\..\..\..\..\lz_output\resource\images\win\filenew.png">
      <Filter>Resource Files</Filter>
    </Image>
    <Image Include="..\..\..\..\..\lz_output\resource\images\win\fileopen.png">
      <Filter>Resource Files</Filter>
    </Image>
    <Image Include="..\..\..\..\..\lz_output\resource\images\win\fileprint.png">
      <Filter>Resource Files</Filter>
    </Image>
    <Image Include="..\..\..\..\..\lz_output\resource\images\win\filesave.png">
      <Filter>Resource Files</Filter>
    </Image>
    <Image Include="..\..\..\..\..\lz_output\resource\images\win\textbold.png">
      <Filter>Resource Files</Filter>
    </Image>
    <Image Include="..\..\..\..\..\lz_output\resource\images\win\textcenter.png">
      <Filter>Resource Files</Filter>
    </Image>
    <Image Include="..\..\..\..\..\lz_output\resource\images\win\textitalic.png">
      <Filter>Resource Files</Filter>
    </Image>
    <Image Include="..\..\..\..\..\lz_output\resource\images\win\textjustify.png">
      <Filter>Resource Files</Filter>
    </Image>
    <Image Include="..\..\..\..\..\lz_output\resource\images\win\textleft.png">
      <Filter>Resource Files</Filter>
    </Image>
    <Image Include="..\..\..\..\..\lz_output\resource\images\win\textright.png">
      <Filter>Resource Files</Filter>
    </Image>
    <Image Include="..\..\..\..\..\lz_output\resource\images\win\textunder.png">
      <Filter>Resource Files</Filter>
    </Image>
    <Image Include="..\..\..\..\..\lz_output\resource\images\win\zoomin.png">
      <Filter>Resource Files</Filter>
    </Image>
    <Image Include="..\..\..\..\..\lz_output\resource\images\win\zoomout.png">
      <Filter>Resource Files</Filter>
    </Image>
  </ItemGroup>
  <ItemGroup>
    <None Include="..\..\..\..\..\lz_output\resource\jquery.min.js">
      <Filter>Resource Files</Filter>
    </None>
  </ItemGroup>
</Project>